
Microsoft Visual Studio Solution File, Format Version 12.00
# Visual Studio Version 16
VisualStudioVersion = 16.0.30225.117
MinimumVisualStudioVersion = 10.0.40219.1
Project("{FAE04EC0-301F-11D3-BF4B-00C04F79EFBC}") = "BynarySerialization", "BynarySerialization\BynarySerialization.csproj", "{4C57A05A-40D1-4C2B-B624-9B38BE8265E9}"
EndProject
Project("{FAE04EC0-301F-11D3-BF4B-00C04F79EFBC}") = "Entities", "Entities\Entities.csproj", "{EE8EB902-399D-485D-A7FA-5EFF213B2C5E}"
EndProject
Project("{FAE04EC0-301F-11D3-BF4B-00C04F79EFBC}") = "XmlSerialization", "XmlSerialization\XmlSerialization.csproj", "{B0B8F5D2-3934-408B-9644-7707CAD50EFA}"
EndProject
Global
	GlobalSection(SolutionConfigurationPlatforms) = preSolution
		Debug|Any CPU = Debug|Any CPU
		Release|Any CPU = Release|Any CPU
	EndGlobalSection
	GlobalSection(ProjectConfigurationPlatforms) = postSolution
		{4C57A05A-40D1-4C2B-B624-9B38BE8265E9}.Debug|Any CPU.ActiveCfg = Debug|Any CPU
		{4C57A05A-40D1-4C2B-B624-9B38BE8265E9}.Debug|Any CPU.Build.0 = Debug|Any CPU
		{4C57A05A-40D1-4C2B-B624-9B38BE8265E9}.Release|Any CPU.ActiveCfg = Release|Any CPU
		{4C57A05A-40D1-4C2B-B624-9B38BE8265E9}.Release|Any CPU.Build.0 = Release|Any CPU
		{EE8EB902-399D-485D-A7FA-5EFF213B2C5E}.Debug|Any CPU.ActiveCfg = Debug|Any CPU
		{EE8EB902-399D-485D-A7FA-5EFF213B2C5E}.Debug|Any CPU.Build.0 = Debug|Any CPU
		{EE8EB902-399D-485D-A7FA-5EFF213B2C5E}.Release|Any CPU.ActiveCfg = Release|Any CPU
		{EE8EB902-399D-485D-A7FA-5EFF213B2C5E}.Release|Any CPU.Build.0 = Release|Any CPU
		{B0B8F5D2-3934-408B-9644-7707CAD50EFA}.Debug|Any CPU.ActiveCfg = Debug|Any CPU
		{B0B8F5D2-3934-408B-9644-7707CAD50EFA}.Debug|Any CPU.Build.0 = Debug|Any CPU
		{B0B8F5D2-3934-408B-9644-7707CAD50EFA}.Release|Any CPU.ActiveCfg = Release|Any CPU
		{B0B8F5D2-3934-408B-9644-7707CAD50EFA}.Release|Any CPU.Build.0 = Release|Any CPU
	EndGlobalSection
	GlobalSection(SolutionProperties) = preSolution
		HideSolutionNode = FALSE
	EndGlobalSection
	GlobalSection(ExtensibilityGlobals) = postSolution
		SolutionGuid = {D611B552-7614-4D0B-8C9C-6B93BE6C9D4E}
	EndGlobalSection
EndGlobal
