
Microsoft Visual Studio Solution File, Format Version 12.00
# Visual Studio Version 16
VisualStudioVersion = 16.0.30225.117
MinimumVisualStudioVersion = 10.0.40219.1
Project("{FAE04EC0-301F-11D3-BF4B-00C04F79EFBC}") = "AbstractFactory", "AbstractFactory\AbstractFactory.csproj", "{8BF63F58-1989-47A3-8C06-70E28D05F505}"
EndProject
Project("{FAE04EC0-301F-11D3-BF4B-00C04F79EFBC}") = "Adapter", "Adapter\Adapter.csproj", "{3FFE1442-2ACE-4506-BFE1-EBBFEA6EA5D2}"
EndProject
Project("{FAE04EC0-301F-11D3-BF4B-00C04F79EFBC}") = "Builder", "Builder\Builder.csproj", "{DADA7C36-2538-4E3A-8463-CEA2D3F3A672}"
EndProject
Project("{FAE04EC0-301F-11D3-BF4B-00C04F79EFBC}") = "DynamicArrayTest", "DynamicArrayTest\DynamicArrayTest.csproj", "{F9153004-E23D-491F-B7F3-D6AFD4A3379C}"
EndProject
Project("{9A19103F-16F7-4668-BE54-9A1E7A4F7556}") = "MyDynamicArray", "MyDynamicArray\MyDynamicArray.csproj", "{0793D523-397F-4F67-8EFC-60523D0E54BC}"
EndProject
Project("{2150E333-8FDC-42A3-9474-1A3956D46DE8}") = "Decorator", "Decorator", "{DC00AA2C-A802-441F-8F9D-850A976DCFE2}"
EndProject
Project("{FAE04EC0-301F-11D3-BF4B-00C04F79EFBC}") = "Facade", "Facade\Facade.csproj", "{C50DA08E-2446-49C2-8CBF-C437F00AC43C}"
EndProject
Project("{FAE04EC0-301F-11D3-BF4B-00C04F79EFBC}") = "Strategy", "Strategy\Strategy.csproj", "{B2247057-BF6A-4E07-B818-0E0904BB2F1A}"
EndProject
Project("{FAE04EC0-301F-11D3-BF4B-00C04F79EFBC}") = "Flyweight", "Flyweight\Flyweight.csproj", "{D1B7B1FA-3489-46EA-9DF4-7BEE4E131516}"
EndProject
Global
	GlobalSection(SolutionConfigurationPlatforms) = preSolution
		Debug|Any CPU = Debug|Any CPU
		Release|Any CPU = Release|Any CPU
	EndGlobalSection
	GlobalSection(ProjectConfigurationPlatforms) = postSolution
		{8BF63F58-1989-47A3-8C06-70E28D05F505}.Debug|Any CPU.ActiveCfg = Debug|Any CPU
		{8BF63F58-1989-47A3-8C06-70E28D05F505}.Debug|Any CPU.Build.0 = Debug|Any CPU
		{8BF63F58-1989-47A3-8C06-70E28D05F505}.Release|Any CPU.ActiveCfg = Release|Any CPU
		{8BF63F58-1989-47A3-8C06-70E28D05F505}.Release|Any CPU.Build.0 = Release|Any CPU
		{3FFE1442-2ACE-4506-BFE1-EBBFEA6EA5D2}.Debug|Any CPU.ActiveCfg = Debug|Any CPU
		{3FFE1442-2ACE-4506-BFE1-EBBFEA6EA5D2}.Debug|Any CPU.Build.0 = Debug|Any CPU
		{3FFE1442-2ACE-4506-BFE1-EBBFEA6EA5D2}.Release|Any CPU.ActiveCfg = Release|Any CPU
		{3FFE1442-2ACE-4506-BFE1-EBBFEA6EA5D2}.Release|Any CPU.Build.0 = Release|Any CPU
		{DADA7C36-2538-4E3A-8463-CEA2D3F3A672}.Debug|Any CPU.ActiveCfg = Debug|Any CPU
		{DADA7C36-2538-4E3A-8463-CEA2D3F3A672}.Debug|Any CPU.Build.0 = Debug|Any CPU
		{DADA7C36-2538-4E3A-8463-CEA2D3F3A672}.Release|Any CPU.ActiveCfg = Release|Any CPU
		{DADA7C36-2538-4E3A-8463-CEA2D3F3A672}.Release|Any CPU.Build.0 = Release|Any CPU
		{F9153004-E23D-491F-B7F3-D6AFD4A3379C}.Debug|Any CPU.ActiveCfg = Debug|Any CPU
		{F9153004-E23D-491F-B7F3-D6AFD4A3379C}.Debug|Any CPU.Build.0 = Debug|Any CPU
		{F9153004-E23D-491F-B7F3-D6AFD4A3379C}.Release|Any CPU.ActiveCfg = Release|Any CPU
		{F9153004-E23D-491F-B7F3-D6AFD4A3379C}.Release|Any CPU.Build.0 = Release|Any CPU
		{0793D523-397F-4F67-8EFC-60523D0E54BC}.Debug|Any CPU.ActiveCfg = Debug|Any CPU
		{0793D523-397F-4F67-8EFC-60523D0E54BC}.Debug|Any CPU.Build.0 = Debug|Any CPU
		{0793D523-397F-4F67-8EFC-60523D0E54BC}.Release|Any CPU.ActiveCfg = Release|Any CPU
		{0793D523-397F-4F67-8EFC-60523D0E54BC}.Release|Any CPU.Build.0 = Release|Any CPU
		{C50DA08E-2446-49C2-8CBF-C437F00AC43C}.Debug|Any CPU.ActiveCfg = Debug|Any CPU
		{C50DA08E-2446-49C2-8CBF-C437F00AC43C}.Debug|Any CPU.Build.0 = Debug|Any CPU
		{C50DA08E-2446-49C2-8CBF-C437F00AC43C}.Release|Any CPU.ActiveCfg = Release|Any CPU
		{C50DA08E-2446-49C2-8CBF-C437F00AC43C}.Release|Any CPU.Build.0 = Release|Any CPU
		{B2247057-BF6A-4E07-B818-0E0904BB2F1A}.Debug|Any CPU.ActiveCfg = Debug|Any CPU
		{B2247057-BF6A-4E07-B818-0E0904BB2F1A}.Debug|Any CPU.Build.0 = Debug|Any CPU
		{B2247057-BF6A-4E07-B818-0E0904BB2F1A}.Release|Any CPU.ActiveCfg = Release|Any CPU
		{B2247057-BF6A-4E07-B818-0E0904BB2F1A}.Release|Any CPU.Build.0 = Release|Any CPU
		{D1B7B1FA-3489-46EA-9DF4-7BEE4E131516}.Debug|Any CPU.ActiveCfg = Debug|Any CPU
		{D1B7B1FA-3489-46EA-9DF4-7BEE4E131516}.Debug|Any CPU.Build.0 = Debug|Any CPU
		{D1B7B1FA-3489-46EA-9DF4-7BEE4E131516}.Release|Any CPU.ActiveCfg = Release|Any CPU
		{D1B7B1FA-3489-46EA-9DF4-7BEE4E131516}.Release|Any CPU.Build.0 = Release|Any CPU
	EndGlobalSection
	GlobalSection(SolutionProperties) = preSolution
		HideSolutionNode = FALSE
	EndGlobalSection
	GlobalSection(NestedProjects) = preSolution
		{F9153004-E23D-491F-B7F3-D6AFD4A3379C} = {DC00AA2C-A802-441F-8F9D-850A976DCFE2}
		{0793D523-397F-4F67-8EFC-60523D0E54BC} = {DC00AA2C-A802-441F-8F9D-850A976DCFE2}
	EndGlobalSection
	GlobalSection(ExtensibilityGlobals) = postSolution
		SolutionGuid = {64341F2D-1DF0-4D3E-92C7-0AA6ABEB56EE}
	EndGlobalSection
EndGlobal
