
Microsoft Visual Studio Solution File, Format Version 12.00
# Visual Studio Version 16
VisualStudioVersion = 16.0.30225.117
MinimumVisualStudioVersion = 10.0.40219.1
Project("{FAE04EC0-301F-11D3-BF4B-00C04F79EFBC}") = "AbstractFactory", "AbstractFactory\AbstractFactory.csproj", "{8BF63F58-1989-47A3-8C06-70E28D05F505}"
EndProject
Global
	GlobalSection(SolutionConfigurationPlatforms) = preSolution
		Debug|Any CPU = Debug|Any CPU
		Release|Any CPU = Release|Any CPU
	EndGlobalSection
	GlobalSection(ProjectConfigurationPlatforms) = postSolution
		{8BF63F58-1989-47A3-8C06-70E28D05F505}.Debug|Any CPU.ActiveCfg = Debug|Any CPU
		{8BF63F58-1989-47A3-8C06-70E28D05F505}.Debug|Any CPU.Build.0 = Debug|Any CPU
		{8BF63F58-1989-47A3-8C06-70E28D05F505}.Release|Any CPU.ActiveCfg = Release|Any CPU
		{8BF63F58-1989-47A3-8C06-70E28D05F505}.Release|Any CPU.Build.0 = Release|Any CPU
	EndGlobalSection
	GlobalSection(SolutionProperties) = preSolution
		HideSolutionNode = FALSE
	EndGlobalSection
	GlobalSection(ExtensibilityGlobals) = postSolution
		SolutionGuid = {64341F2D-1DF0-4D3E-92C7-0AA6ABEB56EE}
	EndGlobalSection
EndGlobal
